
Microsoft Visual Studio Solution File, Format Version 12.00
# Visual Studio Version 17
VisualStudioVersion = 17.0.32126.317
MinimumVisualStudioVersion = 10.0.40219.1
Project("{2150E333-8FDC-42A3-9474-1A3956D46DE8}") = "src", "src", "{CA19AF67-6AAA-4FC8-B6AC-FEAE8B2072CA}"
EndProject
Project("{2150E333-8FDC-42A3-9474-1A3956D46DE8}") = "Bootstrapper", "Bootstrapper", "{37B28D6F-10EA-4D41-B3FA-868A2C03A3C2}"
EndProject
Project("{2150E333-8FDC-42A3-9474-1A3956D46DE8}") = "Modules", "Modules", "{A0241353-4599-4C43-A06A-72DC7A60CB03}"
EndProject
Project("{2150E333-8FDC-42A3-9474-1A3956D46DE8}") = "Shared", "Shared", "{1021B6C9-40FD-42D1-B71C-661465E8A4E7}"
EndProject
Project("{FAE04EC0-301F-11D3-BF4B-00C04F79EFBC}") = "Inflow.Shared.Abstractions", "src\Shared\Inflow.Shared.Abstractions\Inflow.Shared.Abstractions.csproj", "{53C66C18-2DB5-4588-9C04-84ADE823923F}"
EndProject
Project("{FAE04EC0-301F-11D3-BF4B-00C04F79EFBC}") = "Inflow.Shared.Infrastructure", "src\Shared\Inflow.Shared.Infrastructure\Inflow.Shared.Infrastructure.csproj", "{0905FBB6-0A27-4446-9EC1-F6756DFEAEF2}"
EndProject
Project("{FAE04EC0-301F-11D3-BF4B-00C04F79EFBC}") = "Inflow.Bootstrapper", "src\Bootstrapper\Inflow.Bootstrapper\Inflow.Bootstrapper.csproj", "{9A74672D-F2E8-434A-9DDD-167F127ED13F}"
EndProject
Project("{2150E333-8FDC-42A3-9474-1A3956D46DE8}") = "Customers", "Customers", "{E96A421C-34F4-4106-A608-306C28E19804}"
EndProject
Project("{FAE04EC0-301F-11D3-BF4B-00C04F79EFBC}") = "Inflow.Modules.Customers.Api", "src\Modules\Customers\Inflow.Modules.Customers.Api\Inflow.Modules.Customers.Api.csproj", "{FCAE1C35-9675-42F5-827F-D4F11CB91496}"
EndProject
Project("{FAE04EC0-301F-11D3-BF4B-00C04F79EFBC}") = "Inflow.Modules.Customers.Core", "src\Modules\Customers\Inflow.Modules.Customers.Core\Inflow.Modules.Customers.Core.csproj", "{C1FDCB01-9559-4264-9655-FBC63877CD28}"
EndProject
Project("{2150E333-8FDC-42A3-9474-1A3956D46DE8}") = "Users", "Users", "{160DA22E-2FFC-4041-B367-8A74D30D1A87}"
EndProject
Project("{FAE04EC0-301F-11D3-BF4B-00C04F79EFBC}") = "Inflow.Modules.Users.Api", "src\Modules\Users\Inflow.Modules.Users.Api\Inflow.Modules.Users.Api.csproj", "{A839F1FD-9AF7-4216-8F77-41DC59E04FD1}"
EndProject
Project("{FAE04EC0-301F-11D3-BF4B-00C04F79EFBC}") = "Inflow.Modules.Users.Core", "src\Modules\Users\Inflow.Modules.Users.Core\Inflow.Modules.Users.Core.csproj", "{714E53EB-B154-4132-B9B7-F2B90E5EEF3F}"
EndProject
Global
	GlobalSection(SolutionConfigurationPlatforms) = preSolution
		Debug|Any CPU = Debug|Any CPU
		Release|Any CPU = Release|Any CPU
	EndGlobalSection
	GlobalSection(ProjectConfigurationPlatforms) = postSolution
		{53C66C18-2DB5-4588-9C04-84ADE823923F}.Debug|Any CPU.ActiveCfg = Debug|Any CPU
		{53C66C18-2DB5-4588-9C04-84ADE823923F}.Debug|Any CPU.Build.0 = Debug|Any CPU
		{53C66C18-2DB5-4588-9C04-84ADE823923F}.Release|Any CPU.ActiveCfg = Release|Any CPU
		{53C66C18-2DB5-4588-9C04-84ADE823923F}.Release|Any CPU.Build.0 = Release|Any CPU
		{0905FBB6-0A27-4446-9EC1-F6756DFEAEF2}.Debug|Any CPU.ActiveCfg = Debug|Any CPU
		{0905FBB6-0A27-4446-9EC1-F6756DFEAEF2}.Debug|Any CPU.Build.0 = Debug|Any CPU
		{0905FBB6-0A27-4446-9EC1-F6756DFEAEF2}.Release|Any CPU.ActiveCfg = Release|Any CPU
		{0905FBB6-0A27-4446-9EC1-F6756DFEAEF2}.Release|Any CPU.Build.0 = Release|Any CPU
		{9A74672D-F2E8-434A-9DDD-167F127ED13F}.Debug|Any CPU.ActiveCfg = Debug|Any CPU
		{9A74672D-F2E8-434A-9DDD-167F127ED13F}.Debug|Any CPU.Build.0 = Debug|Any CPU
		{9A74672D-F2E8-434A-9DDD-167F127ED13F}.Release|Any CPU.ActiveCfg = Release|Any CPU
		{9A74672D-F2E8-434A-9DDD-167F127ED13F}.Release|Any CPU.Build.0 = Release|Any CPU
		{FCAE1C35-9675-42F5-827F-D4F11CB91496}.Debug|Any CPU.ActiveCfg = Debug|Any CPU
		{FCAE1C35-9675-42F5-827F-D4F11CB91496}.Debug|Any CPU.Build.0 = Debug|Any CPU
		{FCAE1C35-9675-42F5-827F-D4F11CB91496}.Release|Any CPU.ActiveCfg = Release|Any CPU
		{FCAE1C35-9675-42F5-827F-D4F11CB91496}.Release|Any CPU.Build.0 = Release|Any CPU
		{C1FDCB01-9559-4264-9655-FBC63877CD28}.Debug|Any CPU.ActiveCfg = Debug|Any CPU
		{C1FDCB01-9559-4264-9655-FBC63877CD28}.Debug|Any CPU.Build.0 = Debug|Any CPU
		{C1FDCB01-9559-4264-9655-FBC63877CD28}.Release|Any CPU.ActiveCfg = Release|Any CPU
		{C1FDCB01-9559-4264-9655-FBC63877CD28}.Release|Any CPU.Build.0 = Release|Any CPU
		{A839F1FD-9AF7-4216-8F77-41DC59E04FD1}.Debug|Any CPU.ActiveCfg = Debug|Any CPU
		{A839F1FD-9AF7-4216-8F77-41DC59E04FD1}.Debug|Any CPU.Build.0 = Debug|Any CPU
		{A839F1FD-9AF7-4216-8F77-41DC59E04FD1}.Release|Any CPU.ActiveCfg = Release|Any CPU
		{A839F1FD-9AF7-4216-8F77-41DC59E04FD1}.Release|Any CPU.Build.0 = Release|Any CPU
		{714E53EB-B154-4132-B9B7-F2B90E5EEF3F}.Debug|Any CPU.ActiveCfg = Debug|Any CPU
		{714E53EB-B154-4132-B9B7-F2B90E5EEF3F}.Debug|Any CPU.Build.0 = Debug|Any CPU
		{714E53EB-B154-4132-B9B7-F2B90E5EEF3F}.Release|Any CPU.ActiveCfg = Release|Any CPU
		{714E53EB-B154-4132-B9B7-F2B90E5EEF3F}.Release|Any CPU.Build.0 = Release|Any CPU
	EndGlobalSection
	GlobalSection(SolutionProperties) = preSolution
		HideSolutionNode = FALSE
	EndGlobalSection
	GlobalSection(NestedProjects) = preSolution
		{37B28D6F-10EA-4D41-B3FA-868A2C03A3C2} = {CA19AF67-6AAA-4FC8-B6AC-FEAE8B2072CA}
		{A0241353-4599-4C43-A06A-72DC7A60CB03} = {CA19AF67-6AAA-4FC8-B6AC-FEAE8B2072CA}
		{1021B6C9-40FD-42D1-B71C-661465E8A4E7} = {CA19AF67-6AAA-4FC8-B6AC-FEAE8B2072CA}
		{53C66C18-2DB5-4588-9C04-84ADE823923F} = {1021B6C9-40FD-42D1-B71C-661465E8A4E7}
		{0905FBB6-0A27-4446-9EC1-F6756DFEAEF2} = {1021B6C9-40FD-42D1-B71C-661465E8A4E7}
		{9A74672D-F2E8-434A-9DDD-167F127ED13F} = {37B28D6F-10EA-4D41-B3FA-868A2C03A3C2}
		{E96A421C-34F4-4106-A608-306C28E19804} = {A0241353-4599-4C43-A06A-72DC7A60CB03}
		{FCAE1C35-9675-42F5-827F-D4F11CB91496} = {E96A421C-34F4-4106-A608-306C28E19804}
		{C1FDCB01-9559-4264-9655-FBC63877CD28} = {E96A421C-34F4-4106-A608-306C28E19804}
		{160DA22E-2FFC-4041-B367-8A74D30D1A87} = {A0241353-4599-4C43-A06A-72DC7A60CB03}
		{A839F1FD-9AF7-4216-8F77-41DC59E04FD1} = {160DA22E-2FFC-4041-B367-8A74D30D1A87}
		{714E53EB-B154-4132-B9B7-F2B90E5EEF3F} = {160DA22E-2FFC-4041-B367-8A74D30D1A87}
	EndGlobalSection
	GlobalSection(ExtensibilityGlobals) = postSolution
		SolutionGuid = {C6CA4FD1-1CC0-4E91-B3C4-3658EC50355E}
	EndGlobalSection
EndGlobal
